PODS:
  - flutter_local_notifications (0.0.1):
    - FlutterMacOS
  - flutter_webrtc (0.14.0):
    - FlutterMacOS
    - WebRTC-SDK (= 125.6422.07)
  - FlutterMacOS (1.0.0)
  - livekit_client (2.4.8):
    - flutter_webrtc
    - FlutterMacOS
    - WebRTC-SDK (= 125.6422.07)
  - WebRTC-SDK (125.6422.07)

DEPENDENCIES:
  - flutter_local_notifications (from `Flutter/ephemeral/.symlinks/plugins/flutter_local_notifications/macos`)
  - flutter_webrtc (from `Flutter/ephemeral/.symlinks/plugins/flutter_webrtc/macos`)
  - FlutterMacOS (from `Flutter/ephemeral`)
  - livekit_client (from `Flutter/ephemeral/.symlinks/plugins/livekit_client/macos`)

SPEC REPOS:
  trunk:
    - WebRTC-SDK

EXTERNAL SOURCES:
  flutter_local_notifications:
    :path: Flutter/ephemeral/.symlinks/plugins/flutter_local_notifications/macos
  flutter_webrtc:
    :path: Flutter/ephemeral/.symlinks/plugins/flutter_webrtc/macos
  FlutterMacOS:
    :path: Flutter/ephemeral
  livekit_client:
    :path: Flutter/ephemeral/.symlinks/plugins/livekit_client/macos

SPEC CHECKSUMS:
  flutter_local_notifications: 13862b132e32eb858dea558a86d45d08daeacfe7
  flutter_webrtc: a7eeb54859e672228c28f4b48b1fb61561976ea3
  FlutterMacOS: d0db08ddef1a9af05a5ec4b724367152bb0500b1
  livekit_client: 6a35243df3da61750c98e266e02dedcf5d25c888
  WebRTC-SDK: dff00a3892bc570b6014e046297782084071657e

PODFILE CHECKSUM: 53dce47a508e4ed439e2e43ade83276cb15cd153

COCOAPODS: 1.16.2
